
Microsoft Visual Studio Solution File, Format Version 12.00
# Visual Studio Version 16
VisualStudioVersion = 16.0.31624.102
MinimumVisualStudioVersion = 10.0.40219.1
Project("{FAE04EC0-301F-11D3-BF4B-00C04F79EFBC}") = "qtdePares", "qtdePares\qtdePares.csproj", "{DCED214D-7C47-4D8B-8D7B-5FE57E749516}"
EndProject
Global
	GlobalSection(SolutionConfigurationPlatforms) = preSolution
		Debug|Any CPU = Debug|Any CPU
		Release|Any CPU = Release|Any CPU
	EndGlobalSection
	GlobalSection(ProjectConfigurationPlatforms) = postSolution
		{DCED214D-7C47-4D8B-8D7B-5FE57E749516}.Debug|Any CPU.ActiveCfg = Debug|Any CPU
		{DCED214D-7C47-4D8B-8D7B-5FE57E749516}.Debug|Any CPU.Build.0 = Debug|Any CPU
		{DCED214D-7C47-4D8B-8D7B-5FE57E749516}.Release|Any CPU.ActiveCfg = Release|Any CPU
		{DCED214D-7C47-4D8B-8D7B-5FE57E749516}.Release|Any CPU.Build.0 = Release|Any CPU
	EndGlobalSection
	GlobalSection(SolutionProperties) = preSolution
		HideSolutionNode = FALSE
	EndGlobalSection
	GlobalSection(ExtensibilityGlobals) = postSolution
		SolutionGuid = {4F045800-C5C3-45F8-AABF-48124C3FA929}
	EndGlobalSection
EndGlobal
